
Microsoft Visual Studio Solution File, Format Version 12.00
# Visual Studio Version 16
VisualStudioVersion = 16.0.31105.61
MinimumVisualStudioVersion = 10.0.40219.1
Project("{FAE04EC0-301F-11D3-BF4B-00C04F79EFBC}") = "project.UWP", "project\project.UWP\project.UWP.csproj", "{37CDB2D3-C4E2-4337-BB6D-9DA93370A34B}"
EndProject
Project("{FAE04EC0-301F-11D3-BF4B-00C04F79EFBC}") = "project.Android", "project\project.Android\project.Android.csproj", "{64E827E4-3172-4B8D-8153-D48B20AC0D94}"
EndProject
Project("{FAE04EC0-301F-11D3-BF4B-00C04F79EFBC}") = "project.iOS", "project\project.iOS\project.iOS.csproj", "{3C13F4EB-CF6D-47F5-8E23-89BC80817A9A}"
EndProject
Project("{FAE04EC0-301F-11D3-BF4B-00C04F79EFBC}") = "project", "project\project\project.csproj", "{4E5AB587-EA0B-40A0-81B1-60007C1029CC}"
EndProject
Global
	GlobalSection(SolutionConfigurationPlatforms) = preSolution
		Debug|Any CPU = Debug|Any CPU
		Debug|ARM = Debug|ARM
		Debug|iPhone = Debug|iPhone
		Debug|iPhoneSimulator = Debug|iPhoneSimulator
		Debug|x64 = Debug|x64
		Debug|x86 = Debug|x86
		Release|Any CPU = Release|Any CPU
		Release|ARM = Release|ARM
		Release|iPhone = Release|iPhone
		Release|iPhoneSimulator = Release|iPhoneSimulator
		Release|x64 = Release|x64
		Release|x86 = Release|x86
	EndGlobalSection
	GlobalSection(ProjectConfigurationPlatforms) = postSolution
		{37CDB2D3-C4E2-4337-BB6D-9DA93370A34B}.Debug|Any CPU.ActiveCfg = Debug|x86
		{37CDB2D3-C4E2-4337-BB6D-9DA93370A34B}.Debug|Any CPU.Build.0 = Debug|x86
		{37CDB2D3-C4E2-4337-BB6D-9DA93370A34B}.Debug|Any CPU.Deploy.0 = Debug|x86
		{37CDB2D3-C4E2-4337-BB6D-9DA93370A34B}.Debug|ARM.ActiveCfg = Debug|ARM
		{37CDB2D3-C4E2-4337-BB6D-9DA93370A34B}.Debug|ARM.Build.0 = Debug|ARM
		{37CDB2D3-C4E2-4337-BB6D-9DA93370A34B}.Debug|ARM.Deploy.0 = Debug|ARM
		{37CDB2D3-C4E2-4337-BB6D-9DA93370A34B}.Debug|iPhone.ActiveCfg = Debug|x86
		{37CDB2D3-C4E2-4337-BB6D-9DA93370A34B}.Debug|iPhone.Build.0 = Debug|x86
		{37CDB2D3-C4E2-4337-BB6D-9DA93370A34B}.Debug|iPhone.Deploy.0 = Debug|x86
		{37CDB2D3-C4E2-4337-BB6D-9DA93370A34B}.Debug|iPhoneSimulator.ActiveCfg = Debug|x86
		{37CDB2D3-C4E2-4337-BB6D-9DA93370A34B}.Debug|iPhoneSimulator.Build.0 = Debug|x86
		{37CDB2D3-C4E2-4337-BB6D-9DA93370A34B}.Debug|iPhoneSimulator.Deploy.0 = Debug|x86
		{37CDB2D3-C4E2-4337-BB6D-9DA93370A34B}.Debug|x64.ActiveCfg = Debug|x64
		{37CDB2D3-C4E2-4337-BB6D-9DA93370A34B}.Debug|x64.Build.0 = Debug|x64
		{37CDB2D3-C4E2-4337-BB6D-9DA93370A34B}.Debug|x64.Deploy.0 = Debug|x64
		{37CDB2D3-C4E2-4337-BB6D-9DA93370A34B}.Debug|x86.ActiveCfg = Debug|x86
		{37CDB2D3-C4E2-4337-BB6D-9DA93370A34B}.Debug|x86.Build.0 = Debug|x86
		{37CDB2D3-C4E2-4337-BB6D-9DA93370A34B}.Debug|x86.Deploy.0 = Debug|x86
		{37CDB2D3-C4E2-4337-BB6D-9DA93370A34B}.Release|Any CPU.ActiveCfg = Release|x86
		{37CDB2D3-C4E2-4337-BB6D-9DA93370A34B}.Release|Any CPU.Build.0 = Release|x86
		{37CDB2D3-C4E2-4337-BB6D-9DA93370A34B}.Release|Any CPU.Deploy.0 = Release|x86
		{37CDB2D3-C4E2-4337-BB6D-9DA93370A34B}.Release|ARM.ActiveCfg = Release|ARM
		{37CDB2D3-C4E2-4337-BB6D-9DA93370A34B}.Release|ARM.Build.0 = Release|ARM
		{37CDB2D3-C4E2-4337-BB6D-9DA93370A34B}.Release|ARM.Deploy.0 = Release|ARM
		{37CDB2D3-C4E2-4337-BB6D-9DA93370A34B}.Release|iPhone.ActiveCfg = Release|x86
		{37CDB2D3-C4E2-4337-BB6D-9DA93370A34B}.Release|iPhone.Build.0 = Release|x86
		{37CDB2D3-C4E2-4337-BB6D-9DA93370A34B}.Release|iPhone.Deploy.0 = Release|x86
		{37CDB2D3-C4E2-4337-BB6D-9DA93370A34B}.Release|iPhoneSimulator.ActiveCfg = Release|x86
		{37CDB2D3-C4E2-4337-BB6D-9DA93370A34B}.Release|iPhoneSimulator.Build.0 = Release|x86
		{37CDB2D3-C4E2-4337-BB6D-9DA93370A34B}.Release|iPhoneSimulator.Deploy.0 = Release|x86
		{37CDB2D3-C4E2-4337-BB6D-9DA93370A34B}.Release|x64.ActiveCfg = Release|x64
		{37CDB2D3-C4E2-4337-BB6D-9DA93370A34B}.Release|x64.Build.0 = Release|x64
		{37CDB2D3-C4E2-4337-BB6D-9DA93370A34B}.Release|x64.Deploy.0 = Release|x64
		{37CDB2D3-C4E2-4337-BB6D-9DA93370A34B}.Release|x86.ActiveCfg = Release|x86
		{37CDB2D3-C4E2-4337-BB6D-9DA93370A34B}.Release|x86.Build.0 = Release|x86
		{37CDB2D3-C4E2-4337-BB6D-9DA93370A34B}.Release|x86.Deploy.0 = Release|x86
		{64E827E4-3172-4B8D-8153-D48B20AC0D94}.Debug|Any CPU.ActiveCfg = Debug|Any CPU
		{64E827E4-3172-4B8D-8153-D48B20AC0D94}.Debug|Any CPU.Build.0 = Debug|Any CPU
		{64E827E4-3172-4B8D-8153-D48B20AC0D94}.Debug|Any CPU.Deploy.0 = Debug|Any CPU
		{64E827E4-3172-4B8D-8153-D48B20AC0D94}.Debug|ARM.ActiveCfg = Debug|Any CPU
		{64E827E4-3172-4B8D-8153-D48B20AC0D94}.Debug|ARM.Build.0 = Debug|Any CPU
		{64E827E4-3172-4B8D-8153-D48B20AC0D94}.Debug|ARM.Deploy.0 = Debug|Any CPU
		{64E827E4-3172-4B8D-8153-D48B20AC0D94}.Debug|iPhone.ActiveCfg = Debug|Any CPU
		{64E827E4-3172-4B8D-8153-D48B20AC0D94}.Debug|iPhone.Build.0 = Debug|Any CPU
		{64E827E4-3172-4B8D-8153-D48B20AC0D94}.Debug|iPhone.Deploy.0 = Debug|Any CPU
		{64E827E4-3172-4B8D-8153-D48B20AC0D94}.Debug|iPhoneSimulator.ActiveCfg = Debug|Any CPU
		{64E827E4-3172-4B8D-8153-D48B20AC0D94}.Debug|iPhoneSimulator.Build.0 = Debug|Any CPU
		{64E827E4-3172-4B8D-8153-D48B20AC0D94}.Debug|iPhoneSimulator.Deploy.0 = Debug|Any CPU
		{64E827E4-3172-4B8D-8153-D48B20AC0D94}.Debug|x64.ActiveCfg = Debug|Any CPU
		{64E827E4-3172-4B8D-8153-D48B20AC0D94}.Debug|x64.Build.0 = Debug|Any CPU
		{64E827E4-3172-4B8D-8153-D48B20AC0D94}.Debug|x64.Deploy.0 = Debug|Any CPU
		{64E827E4-3172-4B8D-8153-D48B20AC0D94}.Debug|x86.ActiveCfg = Debug|Any CPU
		{64E827E4-3172-4B8D-8153-D48B20AC0D94}.Debug|x86.Build.0 = Debug|Any CPU
		{64E827E4-3172-4B8D-8153-D48B20AC0D94}.Debug|x86.Deploy.0 = Debug|Any CPU
		{64E827E4-3172-4B8D-8153-D48B20AC0D94}.Release|Any CPU.ActiveCfg = Release|Any CPU
		{64E827E4-3172-4B8D-8153-D48B20AC0D94}.Release|Any CPU.Build.0 = Release|Any CPU
		{64E827E4-3172-4B8D-8153-D48B20AC0D94}.Release|Any CPU.Deploy.0 = Release|Any CPU
		{64E827E4-3172-4B8D-8153-D48B20AC0D94}.Release|ARM.ActiveCfg = Release|Any CPU
		{64E827E4-3172-4B8D-8153-D48B20AC0D94}.Release|ARM.Build.0 = Release|Any CPU
		{64E827E4-3172-4B8D-8153-D48B20AC0D94}.Release|ARM.Deploy.0 = Release|Any CPU
		{64E827E4-3172-4B8D-8153-D48B20AC0D94}.Release|iPhone.ActiveCfg = Release|Any CPU
		{64E827E4-3172-4B8D-8153-D48B20AC0D94}.Release|iPhone.Build.0 = Release|Any CPU
		{64E827E4-3172-4B8D-8153-D48B20AC0D94}.Release|iPhone.Deploy.0 = Release|Any CPU
		{64E827E4-3172-4B8D-8153-D48B20AC0D94}.Release|iPhoneSimulator.ActiveCfg = Release|Any CPU
		{64E827E4-3172-4B8D-8153-D48B20AC0D94}.Release|iPhoneSimulator.Build.0 = Release|Any CPU
		{64E827E4-3172-4B8D-8153-D48B20AC0D94}.Release|iPhoneSimulator.Deploy.0 = Release|Any CPU
		{64E827E4-3172-4B8D-8153-D48B20AC0D94}.Release|x64.ActiveCfg = Release|Any CPU
		{64E827E4-3172-4B8D-8153-D48B20AC0D94}.Release|x64.Build.0 = Release|Any CPU
		{64E827E4-3172-4B8D-8153-D48B20AC0D94}.Release|x64.Deploy.0 = Release|Any CPU
		{64E827E4-3172-4B8D-8153-D48B20AC0D94}.Release|x86.ActiveCfg = Release|Any CPU
		{64E827E4-3172-4B8D-8153-D48B20AC0D94}.Release|x86.Build.0 = Release|Any CPU
		{64E827E4-3172-4B8D-8153-D48B20AC0D94}.Release|x86.Deploy.0 = Release|Any CPU
		{3C13F4EB-CF6D-47F5-8E23-89BC80817A9A}.Debug|Any CPU.ActiveCfg = Debug|iPhoneSimulator
		{3C13F4EB-CF6D-47F5-8E23-89BC80817A9A}.Debug|Any CPU.Build.0 = Debug|iPhoneSimulator
		{3C13F4EB-CF6D-47F5-8E23-89BC80817A9A}.Debug|Any CPU.Deploy.0 = Debug|iPhoneSimulator
		{3C13F4EB-CF6D-47F5-8E23-89BC80817A9A}.Debug|ARM.ActiveCfg = Debug|iPhone
		{3C13F4EB-CF6D-47F5-8E23-89BC80817A9A}.Debug|ARM.Build.0 = Debug|iPhone
		{3C13F4EB-CF6D-47F5-8E23-89BC80817A9A}.Debug|ARM.Deploy.0 = Debug|iPhone
		{3C13F4EB-CF6D-47F5-8E23-89BC80817A9A}.Debug|iPhone.ActiveCfg = Debug|iPhone
		{3C13F4EB-CF6D-47F5-8E23-89BC80817A9A}.Debug|iPhone.Build.0 = Debug|iPhone
		{3C13F4EB-CF6D-47F5-8E23-89BC80817A9A}.Debug|iPhone.Deploy.0 = Debug|iPhone
		{3C13F4EB-CF6D-47F5-8E23-89BC80817A9A}.Debug|iPhoneSimulator.ActiveCfg = Debug|iPhoneSimulator
		{3C13F4EB-CF6D-47F5-8E23-89BC80817A9A}.Debug|iPhoneSimulator.Build.0 = Debug|iPhoneSimulator
		{3C13F4EB-CF6D-47F5-8E23-89BC80817A9A}.Debug|iPhoneSimulator.Deploy.0 = Debug|iPhoneSimulator
		{3C13F4EB-CF6D-47F5-8E23-89BC80817A9A}.Debug|x64.ActiveCfg = Debug|iPhoneSimulator
		{3C13F4EB-CF6D-47F5-8E23-89BC80817A9A}.Debug|x64.Build.0 = Debug|iPhoneSimulator
		{3C13F4EB-CF6D-47F5-8E23-89BC80817A9A}.Debug|x64.Deploy.0 = Debug|iPhoneSimulator
		{3C13F4EB-CF6D-47F5-8E23-89BC80817A9A}.Debug|x86.ActiveCfg = Debug|iPhoneSimulator
		{3C13F4EB-CF6D-47F5-8E23-89BC80817A9A}.Debug|x86.Build.0 = Debug|iPhoneSimulator
		{3C13F4EB-CF6D-47F5-8E23-89BC80817A9A}.Debug|x86.Deploy.0 = Debug|iPhoneSimulator
		{3C13F4EB-CF6D-47F5-8E23-89BC80817A9A}.Release|Any CPU.ActiveCfg = Release|iPhoneSimulator
		{3C13F4EB-CF6D-47F5-8E23-89BC80817A9A}.Release|Any CPU.Build.0 = Release|iPhoneSimulator
		{3C13F4EB-CF6D-47F5-8E23-89BC80817A9A}.Release|Any CPU.Deploy.0 = Release|iPhoneSimulator
		{3C13F4EB-CF6D-47F5-8E23-89BC80817A9A}.Release|ARM.ActiveCfg = Release|iPhoneSimulator
		{3C13F4EB-CF6D-47F5-8E23-89BC80817A9A}.Release|ARM.Build.0 = Release|iPhoneSimulator
		{3C13F4EB-CF6D-47F5-8E23-89BC80817A9A}.Release|ARM.Deploy.0 = Release|iPhoneSimulator
		{3C13F4EB-CF6D-47F5-8E23-89BC80817A9A}.Release|iPhone.ActiveCfg = Release|iPhone
		{3C13F4EB-CF6D-47F5-8E23-89BC80817A9A}.Release|iPhone.Build.0 = Release|iPhone
		{3C13F4EB-CF6D-47F5-8E23-89BC80817A9A}.Release|iPhone.Deploy.0 = Release|iPhone
		{3C13F4EB-CF6D-47F5-8E23-89BC80817A9A}.Release|iPhoneSimulator.ActiveCfg = Release|iPhoneSimulator
		{3C13F4EB-CF6D-47F5-8E23-89BC80817A9A}.Release|iPhoneSimulator.Build.0 = Release|iPhoneSimulator
		{3C13F4EB-CF6D-47F5-8E23-89BC80817A9A}.Release|iPhoneSimulator.Deploy.0 = Release|iPhoneSimulator
		{3C13F4EB-CF6D-47F5-8E23-89BC80817A9A}.Release|x64.ActiveCfg = Release|iPhoneSimulator
		{3C13F4EB-CF6D-47F5-8E23-89BC80817A9A}.Release|x64.Build.0 = Release|iPhoneSimulator
		{3C13F4EB-CF6D-47F5-8E23-89BC80817A9A}.Release|x64.Deploy.0 = Release|iPhoneSimulator
		{3C13F4EB-CF6D-47F5-8E23-89BC80817A9A}.Release|x86.ActiveCfg = Release|iPhoneSimulator
		{3C13F4EB-CF6D-47F5-8E23-89BC80817A9A}.Release|x86.Build.0 = Release|iPhoneSimulator
		{3C13F4EB-CF6D-47F5-8E23-89BC80817A9A}.Release|x86.Deploy.0 = Release|iPhoneSimulator
		{4E5AB587-EA0B-40A0-81B1-60007C1029CC}.Debug|Any CPU.ActiveCfg = Debug|Any CPU
		{4E5AB587-EA0B-40A0-81B1-60007C1029CC}.Debug|Any CPU.Build.0 = Debug|Any CPU
		{4E5AB587-EA0B-40A0-81B1-60007C1029CC}.Debug|Any CPU.Deploy.0 = Debug|Any CPU
		{4E5AB587-EA0B-40A0-81B1-60007C1029CC}.Debug|ARM.ActiveCfg = Debug|Any CPU
		{4E5AB587-EA0B-40A0-81B1-60007C1029CC}.Debug|ARM.Build.0 = Debug|Any CPU
		{4E5AB587-EA0B-40A0-81B1-60007C1029CC}.Debug|ARM.Deploy.0 = Debug|Any CPU
		{4E5AB587-EA0B-40A0-81B1-60007C1029CC}.Debug|iPhone.ActiveCfg = Debug|Any CPU
		{4E5AB587-EA0B-40A0-81B1-60007C1029CC}.Debug|iPhone.Build.0 = Debug|Any CPU
		{4E5AB587-EA0B-40A0-81B1-60007C1029CC}.Debug|iPhone.Deploy.0 = Debug|Any CPU
		{4E5AB587-EA0B-40A0-81B1-60007C1029CC}.Debug|iPhoneSimulator.ActiveCfg = Debug|Any CPU
		{4E5AB587-EA0B-40A0-81B1-60007C1029CC}.Debug|iPhoneSimulator.Build.0 = Debug|Any CPU
		{4E5AB587-EA0B-40A0-81B1-60007C1029CC}.Debug|iPhoneSimulator.Deploy.0 = Debug|Any CPU
		{4E5AB587-EA0B-40A0-81B1-60007C1029CC}.Debug|x64.ActiveCfg = Debug|Any CPU
		{4E5AB587-EA0B-40A0-81B1-60007C1029CC}.Debug|x64.Build.0 = Debug|Any CPU
		{4E5AB587-EA0B-40A0-81B1-60007C1029CC}.Debug|x64.Deploy.0 = Debug|Any CPU
		{4E5AB587-EA0B-40A0-81B1-60007C1029CC}.Debug|x86.ActiveCfg = Debug|Any CPU
		{4E5AB587-EA0B-40A0-81B1-60007C1029CC}.Debug|x86.Build.0 = Debug|Any CPU
		{4E5AB587-EA0B-40A0-81B1-60007C1029CC}.Debug|x86.Deploy.0 = Debug|Any CPU
		{4E5AB587-EA0B-40A0-81B1-60007C1029CC}.Release|Any CPU.ActiveCfg = Release|Any CPU
		{4E5AB587-EA0B-40A0-81B1-60007C1029CC}.Release|Any CPU.Build.0 = Release|Any CPU
		{4E5AB587-EA0B-40A0-81B1-60007C1029CC}.Release|Any CPU.Deploy.0 = Release|Any CPU
		{4E5AB587-EA0B-40A0-81B1-60007C1029CC}.Release|ARM.ActiveCfg = Release|Any CPU
		{4E5AB587-EA0B-40A0-81B1-60007C1029CC}.Release|ARM.Build.0 = Release|Any CPU
		{4E5AB587-EA0B-40A0-81B1-60007C1029CC}.Release|ARM.Deploy.0 = Release|Any CPU
		{4E5AB587-EA0B-40A0-81B1-60007C1029CC}.Release|iPhone.ActiveCfg = Release|Any CPU
		{4E5AB587-EA0B-40A0-81B1-60007C1029CC}.Release|iPhone.Build.0 = Release|Any CPU
		{4E5AB587-EA0B-40A0-81B1-60007C1029CC}.Release|iPhone.Deploy.0 = Release|Any CPU
		{4E5AB587-EA0B-40A0-81B1-60007C1029CC}.Release|iPhoneSimulator.ActiveCfg = Release|Any CPU
		{4E5AB587-EA0B-40A0-81B1-60007C1029CC}.Release|iPhoneSimulator.Build.0 = Release|Any CPU
		{4E5AB587-EA0B-40A0-81B1-60007C1029CC}.Release|iPhoneSimulator.Deploy.0 = Release|Any CPU
		{4E5AB587-EA0B-40A0-81B1-60007C1029CC}.Release|x64.ActiveCfg = Release|Any CPU
		{4E5AB587-EA0B-40A0-81B1-60007C1029CC}.Release|x64.Build.0 = Release|Any CPU
		{4E5AB587-EA0B-40A0-81B1-60007C1029CC}.Release|x64.Deploy.0 = Release|Any CPU
		{4E5AB587-EA0B-40A0-81B1-60007C1029CC}.Release|x86.ActiveCfg = Release|Any CPU
		{4E5AB587-EA0B-40A0-81B1-60007C1029CC}.Release|x86.Build.0 = Release|Any CPU
		{4E5AB587-EA0B-40A0-81B1-60007C1029CC}.Release|x86.Deploy.0 = Release|Any CPU
	EndGlobalSection
	GlobalSection(SolutionProperties) = preSolution
		HideSolutionNode = FALSE
	EndGlobalSection
	GlobalSection(ExtensibilityGlobals) = postSolution
		SolutionGuid = {351E699D-A160-42B6-95DB-647DF0EC8383}
	EndGlobalSection
EndGlobal
